
Microsoft Visual Studio Solution File, Format Version 12.00
# Visual Studio Version 16
VisualStudioVersion = 16.0.29418.71
MinimumVisualStudioVersion = 10.0.40219.1
Project("{FAE04EC0-301F-11D3-BF4B-00C04F79EFBC}") = "DAO KHAI MINH _5951071058", "DAO KHAI MINH _5951071058\DAO KHAI MINH _5951071058.csproj", "{1D7ECB8C-2F65-4724-996B-F5D56F54C81B}"
EndProject
Global
	GlobalSection(SolutionConfigurationPlatforms) = preSolution
		Debug|Any CPU = Debug|Any CPU
		Release|Any CPU = Release|Any CPU
	EndGlobalSection
	GlobalSection(ProjectConfigurationPlatforms) = postSolution
		{1D7ECB8C-2F65-4724-996B-F5D56F54C81B}.Debug|Any CPU.ActiveCfg = Debug|Any CPU
		{1D7ECB8C-2F65-4724-996B-F5D56F54C81B}.Debug|Any CPU.Build.0 = Debug|Any CPU
		{1D7ECB8C-2F65-4724-996B-F5D56F54C81B}.Release|Any CPU.ActiveCfg = Release|Any CPU
		{1D7ECB8C-2F65-4724-996B-F5D56F54C81B}.Release|Any CPU.Build.0 = Release|Any CPU
	EndGlobalSection
	GlobalSection(SolutionProperties) = preSolution
		HideSolutionNode = FALSE
	EndGlobalSection
	GlobalSection(ExtensibilityGlobals) = postSolution
		SolutionGuid = {949DEEA9-0B18-4993-9183-6AE21D23520E}
	EndGlobalSection
EndGlobal
